
Microsoft Visual Studio Solution File, Format Version 12.00
# Visual Studio Version 16
VisualStudioVersion = 16.0.30804.86
MinimumVisualStudioVersion = 10.0.40219.1
Project("{FAE04EC0-301F-11D3-BF4B-00C04F79EFBC}") = "Hagyma", "Hagyma\Hagyma.csproj", "{31BBBA38-0048-41A6-9588-2614478F9745}"
EndProject
Global
	GlobalSection(SolutionConfigurationPlatforms) = preSolution
		Debug|Any CPU = Debug|Any CPU
		Release|Any CPU = Release|Any CPU
	EndGlobalSection
	GlobalSection(ProjectConfigurationPlatforms) = postSolution
		{31BBBA38-0048-41A6-9588-2614478F9745}.Debug|Any CPU.ActiveCfg = Debug|Any CPU
		{31BBBA38-0048-41A6-9588-2614478F9745}.Debug|Any CPU.Build.0 = Debug|Any CPU
		{31BBBA38-0048-41A6-9588-2614478F9745}.Release|Any CPU.ActiveCfg = Release|Any CPU
		{31BBBA38-0048-41A6-9588-2614478F9745}.Release|Any CPU.Build.0 = Release|Any CPU
	EndGlobalSection
	GlobalSection(SolutionProperties) = preSolution
		HideSolutionNode = FALSE
	EndGlobalSection
	GlobalSection(ExtensibilityGlobals) = postSolution
		SolutionGuid = {6453769B-15F7-411A-958E-3FF2B489B51D}
	EndGlobalSection
EndGlobal
