
Microsoft Visual Studio Solution File, Format Version 12.00
# Visual Studio Version 16
VisualStudioVersion = 16.0.30804.86
MinimumVisualStudioVersion = 10.0.40219.1
Project("{9A19103F-16F7-4668-BE54-9A1E7A4F7556}") = "Hagyma", "Hagyma\Hagyma.csproj", "{15C653BB-F164-4471-B23D-CCA74F9CF40A}"
EndProject
Global
	GlobalSection(SolutionConfigurationPlatforms) = preSolution
		Debug|Any CPU = Debug|Any CPU
		Release|Any CPU = Release|Any CPU
	EndGlobalSection
	GlobalSection(ProjectConfigurationPlatforms) = postSolution
		{15C653BB-F164-4471-B23D-CCA74F9CF40A}.Debug|Any CPU.ActiveCfg = Debug|Any CPU
		{15C653BB-F164-4471-B23D-CCA74F9CF40A}.Debug|Any CPU.Build.0 = Debug|Any CPU
		{15C653BB-F164-4471-B23D-CCA74F9CF40A}.Release|Any CPU.ActiveCfg = Release|Any CPU
		{15C653BB-F164-4471-B23D-CCA74F9CF40A}.Release|Any CPU.Build.0 = Release|Any CPU
	EndGlobalSection
	GlobalSection(SolutionProperties) = preSolution
		HideSolutionNode = FALSE
	EndGlobalSection
	GlobalSection(ExtensibilityGlobals) = postSolution
		SolutionGuid = {6453769B-15F7-411A-958E-3FF2B489B51D}
	EndGlobalSection
EndGlobal
